lockfileVersion: '9.0'

settings:
  autoInstallPeers: true
  excludeLinksFromLockfile: false

importers:

  .:
    dependencies:
      '@deepseek-ai/dsh-mcp-client':
        specifier: link:/Users/tali/github/deepseek-harness/packages/mcp/mcp-client
        version: link:../../../deepseek-harness/packages/mcp/mcp-client
      '@deepseek-ai/dsh-tools':
        specifier: link:/Users/tali/github/deepseek-harness/packages/core/tools
        version: link:../../../deepseek-harness/packages/core/tools
      '@deepseek-ai/schemastery':
        specifier: link:/Users/tali/github/deepseek-harness/vendor/schemastery
        version: link:../../../deepseek-harness/vendor/schemastery
      '@modelcontextprotocol/sdk':
        specifier: link:/Users/tali/github/deepseek-harness/node_modules/.pnpm/@modelcontextprotocol+sdk@1.29.0_zod@4.4.3/node_modules/@modelcontextprotocol/sdk
        version: link:../../../deepseek-harness/node_modules/.pnpm/@modelcontextprotocol+sdk@1.29.0_zod@4.4.3/node_modules/@modelcontextprotocol/sdk
      sharp:
        specifier: link:/Users/tali/github/deepseek-harness/node_modules/.pnpm/sharp@0.35.3_@types+node@22.20.0/node_modules/sharp
        version: link:../../../deepseek-harness/node_modules/.pnpm/sharp@0.35.3_@types+node@22.20.0/node_modules/sharp
